
Microsoft Visual Studio Solution File, Format Version 12.00
# Visual Studio Version 17
VisualStudioVersion = 17.14.36401.2 d17.14
MinimumVisualStudioVersion = 10.0.40219.1
Project("{FAE04EC0-301F-11D3-BF4B-00C04F79EFBC}") = "Online Food Delivery Project", "Online Food Delivery Project\Online Food Delivery Project.csproj", "{F4D8A2D6-D766-48B3-AE5C-738856E263CF}"
EndProject
Global
	GlobalSection(SolutionConfigurationPlatforms) = preSolution
		Debug|Any CPU = Debug|Any CPU
		Release|Any CPU = Release|Any CPU
	EndGlobalSection
	GlobalSection(ProjectConfigurationPlatforms) = postSolution
		{F4D8A2D6-D766-48B3-AE5C-738856E263CF}.Debug|Any CPU.ActiveCfg = Debug|Any CPU
		{F4D8A2D6-D766-48B3-AE5C-738856E263CF}.Debug|Any CPU.Build.0 = Debug|Any CPU
		{F4D8A2D6-D766-48B3-AE5C-738856E263CF}.Release|Any CPU.ActiveCfg = Release|Any CPU
		{F4D8A2D6-D766-48B3-AE5C-738856E263CF}.Release|Any CPU.Build.0 = Release|Any CPU
	EndGlobalSection
	GlobalSection(SolutionProperties) = preSolution
		HideSolutionNode = FALSE
	EndGlobalSection
	GlobalSection(ExtensibilityGlobals) = postSolution
		SolutionGuid = {B0DD1364-D920-4811-BF9A-9AAD436022D6}
	EndGlobalSection
EndGlobal
